
Microsoft Visual Studio Solution File, Format Version 12.00
# Visual Studio 15
VisualStudioVersion = 15.0.27130.2003
MinimumVisualStudioVersion = 10.0.40219.1
Project("{FAE04EC0-301F-11D3-BF4B-00C04F79EFBC}") = "epms.WebAPI", "epms.WebAPI\epms.WebAPI.csproj", "{4566961D-DDCE-448D-BDAF-2DD1F41B2C00}"
EndProject
Project("{FAE04EC0-301F-11D3-BF4B-00C04F79EFBC}") = "epms.Entities", "epms.Entities\epms.Entities.csproj", "{E4F9D9DB-ABF0-4974-BE18-22932D928699}"
EndProject
Global
	GlobalSection(SolutionConfigurationPlatforms) = preSolution
		Debug|Any CPU = Debug|Any CPU
		Release|Any CPU = Release|Any CPU
	EndGlobalSection
	GlobalSection(ProjectConfigurationPlatforms) = postSolution
		{4566961D-DDCE-448D-BDAF-2DD1F41B2C00}.Debug|Any CPU.ActiveCfg = Debug|Any CPU
		{4566961D-DDCE-448D-BDAF-2DD1F41B2C00}.Debug|Any CPU.Build.0 = Debug|Any CPU
		{4566961D-DDCE-448D-BDAF-2DD1F41B2C00}.Release|Any CPU.ActiveCfg = Release|Any CPU
		{4566961D-DDCE-448D-BDAF-2DD1F41B2C00}.Release|Any CPU.Build.0 = Release|Any CPU
		{E4F9D9DB-ABF0-4974-BE18-22932D928699}.Debug|Any CPU.ActiveCfg = Debug|Any CPU
		{E4F9D9DB-ABF0-4974-BE18-22932D928699}.Debug|Any CPU.Build.0 = Debug|Any CPU
		{E4F9D9DB-ABF0-4974-BE18-22932D928699}.Release|Any CPU.ActiveCfg = Release|Any CPU
		{E4F9D9DB-ABF0-4974-BE18-22932D928699}.Release|Any CPU.Build.0 = Release|Any CPU
	EndGlobalSection
	GlobalSection(SolutionProperties) = preSolution
		HideSolutionNode = FALSE
	EndGlobalSection
	GlobalSection(ExtensibilityGlobals) = postSolution
		SolutionGuid = {A8616F72-74D3-4FC5-84B7-60ADD89DCB5D}
	EndGlobalSection
EndGlobal
